
Microsoft Visual Studio Solution File, Format Version 12.00
# Visual Studio Version 17
VisualStudioVersion = 17.2.32616.157
MinimumVisualStudioVersion = 10.0.40219.1
Project("{2150E333-8FDC-42A3-9474-1A3956D46DE8}") = "ShopManagement", "ShopManagement", "{32982F25-6E75-43A9-9BEF-A77A61CF2500}"
EndProject
Project("{2150E333-8FDC-42A3-9474-1A3956D46DE8}") = "SM.Application", "SM.Application", "{48F77326-CBEA-46C3-B29D-2DF3345FA49F}"
EndProject
Project("{FAE04EC0-301F-11D3-BF4B-00C04F79EFBC}") = "ShopManagement.Application", "ShopManagement.Application\ShopManagement.Application.csproj", "{A78842F6-38BB-435F-81B9-BED0CD1BA4C5}"
EndProject
Project("{FAE04EC0-301F-11D3-BF4B-00C04F79EFBC}") = "ShopManagement.Application.Contracts", "ShopManagement.Application.Contracts\ShopManagement.Application.Contracts.csproj", "{72503C50-3E5A-4F04-90BB-C34D7C992DF5}"
EndProject
Global
	GlobalSection(SolutionConfigurationPlatforms) = preSolution
		Debug|Any CPU = Debug|Any CPU
		Release|Any CPU = Release|Any CPU
	EndGlobalSection
	GlobalSection(ProjectConfigurationPlatforms) = postSolution
		{A78842F6-38BB-435F-81B9-BED0CD1BA4C5}.Debug|Any CPU.ActiveCfg = Debug|Any CPU
		{A78842F6-38BB-435F-81B9-BED0CD1BA4C5}.Debug|Any CPU.Build.0 = Debug|Any CPU
		{A78842F6-38BB-435F-81B9-BED0CD1BA4C5}.Release|Any CPU.ActiveCfg = Release|Any CPU
		{A78842F6-38BB-435F-81B9-BED0CD1BA4C5}.Release|Any CPU.Build.0 = Release|Any CPU
		{72503C50-3E5A-4F04-90BB-C34D7C992DF5}.Debug|Any CPU.ActiveCfg = Debug|Any CPU
		{72503C50-3E5A-4F04-90BB-C34D7C992DF5}.Debug|Any CPU.Build.0 = Debug|Any CPU
		{72503C50-3E5A-4F04-90BB-C34D7C992DF5}.Release|Any CPU.ActiveCfg = Release|Any CPU
		{72503C50-3E5A-4F04-90BB-C34D7C992DF5}.Release|Any CPU.Build.0 = Release|Any CPU
	EndGlobalSection
	GlobalSection(SolutionProperties) = preSolution
		HideSolutionNode = FALSE
	EndGlobalSection
	GlobalSection(NestedProjects) = preSolution
		{48F77326-CBEA-46C3-B29D-2DF3345FA49F} = {32982F25-6E75-43A9-9BEF-A77A61CF2500}
		{A78842F6-38BB-435F-81B9-BED0CD1BA4C5} = {48F77326-CBEA-46C3-B29D-2DF3345FA49F}
		{72503C50-3E5A-4F04-90BB-C34D7C992DF5} = {48F77326-CBEA-46C3-B29D-2DF3345FA49F}
	EndGlobalSection
	GlobalSection(ExtensibilityGlobals) = postSolution
		SolutionGuid = {AE48BAD3-7936-4734-8374-9D408E5D493A}
	EndGlobalSection
EndGlobal
